
Microsoft Visual Studio Solution File, Format Version 12.00
# Visual Studio Version 18
VisualStudioVersion = 18.2.11415.280 d18.0
MinimumVisualStudioVersion = 10.0.40219.1
Project("{888888A0-9F3D-457C-B088-3A5042F75D52}") = "School_Management_Platform", "School_Management_Platform.pyproj", "{530B86E8-8611-43BF-A361-262CFD1278E0}"
EndProject
Global
	GlobalSection(SolutionConfigurationPlatforms) = preSolution
		Debug|Any CPU = Debug|Any CPU
		Release|Any CPU = Release|Any CPU
	EndGlobalSection
	GlobalSection(ProjectConfigurationPlatforms) = postSolution
		{530B86E8-8611-43BF-A361-262CFD1278E0}.Debug|Any CPU.ActiveCfg = Debug|Any CPU
		{530B86E8-8611-43BF-A361-262CFD1278E0}.Debug|Any CPU.Build.0 = Debug|Any CPU
		{530B86E8-8611-43BF-A361-262CFD1278E0}.Release|Any CPU.ActiveCfg = Release|Any CPU
		{530B86E8-8611-43BF-A361-262CFD1278E0}.Release|Any CPU.Build.0 = Release|Any CPU
	EndGlobalSection
	GlobalSection(SolutionProperties) = preSolution
		HideSolutionNode = FALSE
	EndGlobalSection
	GlobalSection(ExtensibilityGlobals) = postSolution
		SolutionGuid = {0E9053F9-C4A6-463A-9802-CB15BD00289D}
	EndGlobalSection
EndGlobal
